
Microsoft Visual Studio Solution File, Format Version 12.00
# Visual Studio Version 16
VisualStudioVersion = 16.0.29920.165
MinimumVisualStudioVersion = 10.0.40219.1
Project("{9A19103F-16F7-4668-BE54-9A1E7A4F7556}") = "WebService", "WebService\WebService.csproj", "{27B748B0-9057-47FE-B02A-CD5AEBB926F4}"
EndProject
Project("{FAE04EC0-301F-11D3-BF4B-00C04F79EFBC}") = "DataRepository", "DataRepository\DataRepository.csproj", "{65E9303E-5A9A-4327-8856-DAAC07067C54}"
EndProject
Global
	GlobalSection(SolutionConfigurationPlatforms) = preSolution
		Debug|Any CPU = Debug|Any CPU
		Release|Any CPU = Release|Any CPU
	EndGlobalSection
	GlobalSection(ProjectConfigurationPlatforms) = postSolution
		{27B748B0-9057-47FE-B02A-CD5AEBB926F4}.Debug|Any CPU.ActiveCfg = Debug|Any CPU
		{27B748B0-9057-47FE-B02A-CD5AEBB926F4}.Debug|Any CPU.Build.0 = Debug|Any CPU
		{27B748B0-9057-47FE-B02A-CD5AEBB926F4}.Release|Any CPU.ActiveCfg = Release|Any CPU
		{27B748B0-9057-47FE-B02A-CD5AEBB926F4}.Release|Any CPU.Build.0 = Release|Any CPU
		{65E9303E-5A9A-4327-8856-DAAC07067C54}.Debug|Any CPU.ActiveCfg = Debug|Any CPU
		{65E9303E-5A9A-4327-8856-DAAC07067C54}.Debug|Any CPU.Build.0 = Debug|Any CPU
		{65E9303E-5A9A-4327-8856-DAAC07067C54}.Release|Any CPU.ActiveCfg = Release|Any CPU
		{65E9303E-5A9A-4327-8856-DAAC07067C54}.Release|Any CPU.Build.0 = Release|Any CPU
	EndGlobalSection
	GlobalSection(SolutionProperties) = preSolution
		HideSolutionNode = FALSE
	EndGlobalSection
	GlobalSection(ExtensibilityGlobals) = postSolution
		SolutionGuid = {73B577CF-9985-4E1C-A2E5-AABD708AFEB1}
	EndGlobalSection
EndGlobal
